<?xml version="1.0" encoding="utf-8"?>
<Project ToolsVersion="4.0" xmlns="http://schemas.microsoft.com/developer/msbuild/2003">
  <ItemGroup>
    <Filter Include="소스 파일">
      <UniqueIdentifier>{4FC737F1-C7A5-4376-A066-2A32D752A2FF}</UniqueIdentifier>
      <Extensions>cpp;c;cc;cxx;def;odl;idl;hpj;bat;asm;asmx</Extensions>
    </Filter>
    <Filter Include="헤더 파일">
      <UniqueIdentifier>{93995380-89BD-4b04-88EB-625FBE52EBFB}</UniqueIdentifier>
      <Extensions>h;hh;hpp;hxx;hm;inl;inc;ipp;xsd</Extensions>
    </Filter>
    <Filter Include="리소스 파일">
      <UniqueIdentifier>{67DA6AB6-F800-4c08-8B7A-83BB121AAD01}</UniqueIdentifier>
      <Extensions>rc;ico;cur;bmp;dlg;rc2;rct;bin;rgs;gif;jpg;jpeg;jpe;resx;tiff;tif;png;wav;mfcribbon-ms</Extensions>
    </Filter>
    <Filter Include="소스 파일\Graphics">
      <UniqueIdentifier>{d217dd0c-89ba-41d6-b603-dee643e49cb2}</UniqueIdentifier>
    </Filter>
    <Filter Include="헤더 파일\Graphics">
      <UniqueIdentifier>{12ab7883-2c42-4893-97a6-fa59d9c8e447}</UniqueIdentifier>
    </Filter>
    <Filter Include="헤더 파일\Network">
      <UniqueIdentifier>{377c94ab-92db-4c4a-8f93-c215eaf3f55a}</UniqueIdentifier>
    </Filter>
    <Filter Include="소스 파일\Network">
      <UniqueIdentifier>{7f54ff92-20ec-4ec0-aefb-8eec66630d81}</UniqueIdentifier>
    </Filter>
    <Filter Include="소스 파일\Queue">
      <UniqueIdentifier>{d93dae7a-8f90-4202-ac92-23c3fc9e0328}</UniqueIdentifier>
    </Filter>
    <Filter Include="헤더 파일\Queue">
      <UniqueIdentifier>{931935cd-4840-4112-8201-ff643a1fd3a8}</UniqueIdentifier>
    </Filter>
    <Filter Include="소스 파일\Graphics\Animation">
      <UniqueIdentifier>{18d542dd-683a-4878-b24a-cd4df3401cee}</UniqueIdentifier>
    </Filter>
    <Filter Include="헤더 파일\Graphics\Animation">
      <UniqueIdentifier>{233e3c94-7bc1-47ed-90e2-2356c0d7b034}</UniqueIdentifier>
    </Filter>
    <Filter Include="소스 파일\Graphics\FBX">
      <UniqueIdentifier>{16838544-1479-4a44-9b38-529055018912}</UniqueIdentifier>
    </Filter>
    <Filter Include="헤더 파일\Graphics\FBX">
      <UniqueIdentifier>{3bbf501a-56ed-461c-bf32-3045ce4be60f}</UniqueIdentifier>
    </Filter>
  </ItemGroup>
  <ItemGroup>
    <ClCompile Include="Camera.cpp">
      <Filter>소스 파일</Filter>
    </ClCompile>
    <ClCompile Include="GameTImer.cpp">
      <Filter>소스 파일</Filter>
    </ClCompile>
    <ClCompile Include="Main.cpp">
      <Filter>소스 파일</Filter>
    </ClCompile>
    <ClCompile Include="MainWindow.cpp">
      <Filter>소스 파일</Filter>
    </ClCompile>
    <ClCompile Include="D3D12WND.cpp">
      <Filter>소스 파일\Graphics</Filter>
    </ClCompile>
    <ClCompile Include="DDSTextureLoader.cpp">
      <Filter>소스 파일\Graphics</Filter>
    </ClCompile>
    <ClCompile Include="D3DUtil.cpp">
      <Filter>소스 파일\Graphics</Filter>
    </ClCompile>
    <ClCompile Include="FrameResource.cpp">
      <Filter>소스 파일\Graphics</Filter>
    </ClCompile>
    <ClCompile Include="MathHelper.cpp">
      <Filter>소스 파일\Graphics</Filter>
    </ClCompile>
    <ClCompile Include="GeometryGenerator.cpp">
      <Filter>소스 파일\Graphics</Filter>
    </ClCompile>
    <ClCompile Include="Network.cpp">
      <Filter>소스 파일\Network</Filter>
    </ClCompile>
    <ClCompile Include="IOCP.cpp">
      <Filter>소스 파일\Network</Filter>
    </ClCompile>
    <ClCompile Include="BitmapQueue.cpp">
      <Filter>소스 파일\Queue</Filter>
    </ClCompile>
    <ClCompile Include="AnimationHelper.cpp">
      <Filter>소스 파일\Graphics\Animation</Filter>
    </ClCompile>
    <ClCompile Include="LoadM3d.cpp">
      <Filter>소스 파일\Graphics\Animation</Filter>
    </ClCompile>
    <ClCompile Include="FBXReader.cpp">
      <Filter>소스 파일\Graphics\FBX</Filter>
    </ClCompile>
    <ClCompile Include="WICTextureLoader12.cpp">
      <Filter>소스 파일\Graphics</Filter>
    </ClCompile>
  </ItemGroup>
  <ItemGroup>
    <ClInclude Include="Camera.h">
      <Filter>헤더 파일</Filter>
    </ClInclude>
    <ClInclude Include="GameTimer.h">
      <Filter>헤더 파일</Filter>
    </ClInclude>
    <ClInclude Include="MainWindow.h">
      <Filter>헤더 파일</Filter>
    </ClInclude>
    <ClInclude Include="D3D12WND.h">
      <Filter>헤더 파일\Graphics</Filter>
    </ClInclude>
    <ClInclude Include="d3dx12.h">
      <Filter>헤더 파일\Graphics</Filter>
    </ClInclude>
    <ClInclude Include="D3DUtil.h">
      <Filter>헤더 파일\Graphics</Filter>
    </ClInclude>
    <ClInclude Include="DDSTextureLoader.h">
      <Filter>헤더 파일\Graphics</Filter>
    </ClInclude>
    <ClInclude Include="FrameResource.h">
      <Filter>헤더 파일\Graphics</Filter>
    </ClInclude>
    <ClInclude Include="MathHelper.h">
      <Filter>헤더 파일\Graphics</Filter>
    </ClInclude>
    <ClInclude Include="UploadBuffer.h">
      <Filter>헤더 파일\Graphics</Filter>
    </ClInclude>
    <ClInclude Include="GeometryGenerator.h">
      <Filter>헤더 파일\Graphics</Filter>
    </ClInclude>
    <ClInclude Include="Network.h">
      <Filter>헤더 파일\Network</Filter>
    </ClInclude>
    <ClInclude Include="IOCP.h">
      <Filter>헤더 파일\Network</Filter>
    </ClInclude>
    <ClInclude Include="BitmapQueue.h">
      <Filter>헤더 파일\Queue</Filter>
    </ClInclude>
    <ClInclude Include="AnimationHelper.h">
      <Filter>헤더 파일\Graphics\Animation</Filter>
    </ClInclude>
    <ClInclude Include="LoadM3d.h">
      <Filter>헤더 파일\Graphics\Animation</Filter>
    </ClInclude>
    <ClInclude Include="WICTextureLoader12.h">
      <Filter>헤더 파일\Graphics</Filter>
    </ClInclude>
    <ClInclude Include="FBXReader.h">
      <Filter>헤더 파일\Graphics\FBX</Filter>
    </ClInclude>
  </ItemGroup>
</Project>